
Microsoft Visual Studio Solution File, Format Version 12.00
# Visual Studio Version 16
VisualStudioVersion = 16.0.28917.181
MinimumVisualStudioVersion = 10.0.40219.1
Project("{FAE04EC0-301F-11D3-BF4B-00C04F79EFBC}") = "razor-pages-contactlist", "razor-pages-contactlist\razor-pages-contactlist.csproj", "{4883B16D-9E7D-429B-947F-DE729449629D}"
EndProject
Global
	GlobalSection(SolutionConfigurationPlatforms) = preSolution
		Debug|Any CPU = Debug|Any CPU
		Release|Any CPU = Release|Any CPU
	EndGlobalSection
	GlobalSection(ProjectConfigurationPlatforms) = postSolution
		{4883B16D-9E7D-429B-947F-DE729449629D}.Debug|Any CPU.ActiveCfg = Debug|Any CPU
		{4883B16D-9E7D-429B-947F-DE729449629D}.Debug|Any CPU.Build.0 = Debug|Any CPU
		{4883B16D-9E7D-429B-947F-DE729449629D}.Release|Any CPU.ActiveCfg = Release|Any CPU
		{4883B16D-9E7D-429B-947F-DE729449629D}.Release|Any CPU.Build.0 = Release|Any CPU
	EndGlobalSection
	GlobalSection(SolutionProperties) = preSolution
		HideSolutionNode = FALSE
	EndGlobalSection
	GlobalSection(ExtensibilityGlobals) = postSolution
		SolutionGuid = {91790F1A-1DDD-4882-B156-24CAAA32B439}
	EndGlobalSection
EndGlobal
